<?xml version="1.0" encoding="UTF-8"?>
<Scheme
   version = "1.3">
   <BuildAction>
      <BuildActionEntries>
         <BuildActionEntry
            buildForRunning = "YES">
            <BuildableReference
               BuildableIdentifier = "primary"
               BlueprintIdentifier = "D7E723BD26ECD24E0088044F"
               BuildableName = "WebServiceTodo.app"
               BlueprintName = "WebServiceTodo"
               ReferencedContainer = "container:WebServiceTodo.xcodeproj">
            </BuildableReference>
         </BuildActionEntry>
      </BuildActionEntries>
   </BuildAction>
   <LaunchAction
      useCustomWorkingDirectory = "NO"
      buildConfiguration = "Debug"
      allowLocationSimulation = "YES">
      <BuildableProductRunnable>
         <BuildableReference
            BuildableIdentifier = "primary"
            BlueprintIdentifier = "D7E723BD26ECD24E0088044F"
            BuildableName = "WebServiceTodo.app"
            BlueprintName = "WebServiceTodo"
            ReferencedContainer = "container:WebServiceTodo.xcodeproj">
         </BuildableReference>
      </BuildableProductRunnable>
   </LaunchAction>
</Scheme>
